
Microsoft Visual Studio Solution File, Format Version 12.00
# Visual Studio Version 16
VisualStudioVersion = 16.0.29326.143
MinimumVisualStudioVersion = 10.0.40219.1
Project("{FAE04EC0-301F-11D3-BF4B-00C04F79EFBC}") = "Airquality", "Airquality\Airquality.csproj", "{62EAE41A-C81B-490F-876A-EE7E41EF7C16}"
EndProject
Global
	GlobalSection(SolutionConfigurationPlatforms) = preSolution
		Debug|Any CPU = Debug|Any CPU
		Release|Any CPU = Release|Any CPU
	EndGlobalSection
	GlobalSection(ProjectConfigurationPlatforms) = postSolution
		{62EAE41A-C81B-490F-876A-EE7E41EF7C16}.Debug|Any CPU.ActiveCfg = Debug|Any CPU
		{62EAE41A-C81B-490F-876A-EE7E41EF7C16}.Debug|Any CPU.Build.0 = Debug|Any CPU
		{62EAE41A-C81B-490F-876A-EE7E41EF7C16}.Release|Any CPU.ActiveCfg = Release|Any CPU
		{62EAE41A-C81B-490F-876A-EE7E41EF7C16}.Release|Any CPU.Build.0 = Release|Any CPU
	EndGlobalSection
	GlobalSection(SolutionProperties) = preSolution
		HideSolutionNode = FALSE
	EndGlobalSection
	GlobalSection(ExtensibilityGlobals) = postSolution
		SolutionGuid = {B24C87B1-AF9E-4B05-B570-F185C2C876FC}
	EndGlobalSection
EndGlobal
